
Microsoft Visual Studio Solution File, Format Version 12.00
# Visual Studio Version 16
VisualStudioVersion = 16.0.30114.105
MinimumVisualStudioVersion = 10.0.40219.1
Project("{888888A0-9F3D-457C-B088-3A5042F75D52}") = "projekt_2", "projekt_2.pyproj", "{AE764BC8-DBA5-4A2E-B60D-975F5F772691}"
EndProject
Global
	GlobalSection(SolutionConfigurationPlatforms) = preSolution
		Debug|Any CPU = Debug|Any CPU
		Release|Any CPU = Release|Any CPU
	EndGlobalSection
	GlobalSection(ProjectConfigurationPlatforms) = postSolution
		{AE764BC8-DBA5-4A2E-B60D-975F5F772691}.Debug|Any CPU.ActiveCfg = Debug|Any CPU
		{AE764BC8-DBA5-4A2E-B60D-975F5F772691}.Release|Any CPU.ActiveCfg = Release|Any CPU
	EndGlobalSection
	GlobalSection(SolutionProperties) = preSolution
		HideSolutionNode = FALSE
	EndGlobalSection
	GlobalSection(ExtensibilityGlobals) = postSolution
		SolutionGuid = {403995E3-9D15-470D-A1B2-F0402DA562C8}
	EndGlobalSection
EndGlobal
